// !$*UTF8*$!
{
	archiveVersion = 1;
	classes = {
	};
	objectVersion = 46;
	objects = {

/* Begin PBXBuildFile section */
		EA9311CB1B4AC56800568529 /* main.m in Sources */ = {isa = PBXBuildFile; fileRef = EA9311CA1B4AC56800568529 /* main.m */; };
		EA9311CE1B4AC56800568529 /* AppDelegate.m in Sources */ = {isa = PBXBuildFile; fileRef = EA9311CD1B4AC56800568529 /* AppDelegate.m */; };
		EA9311D11B4AC56800568529 /* ViewController.m in Sources */ = {isa = PBXBuildFile; fileRef = EA9311D01B4AC56800568529 /* ViewController.m */; };
		EA9311D41B4AC56800568529 /* Main.storyboard in Resources */ = {isa = PBXBuildFile; fileRef = EA9311D21B4AC56800568529 /* Main.storyboard */; };
		EA9311D61B4AC56800568529 /* Images.xcassets in Resources */ = {isa = PBXBuildFile; fileRef = EA9311D51B4AC56800568529 /* Images.xcassets */; };
		EA9311D91B4AC56800568529 /* LaunchScreen.xib in Resources */ = {isa = PBXBuildFile; fileRef = EA9311D71B4AC56800568529 /* LaunchScreen.xib */; };
		EA9311E51B4AC56800568529 /* LocationManagerTests.m in Sources */ = {isa = PBXBuildFile; fileRef = EA9311E41B4AC56800568529 /* LocationManagerTests.m */; };
		EA9311F01B4AC58D00568529 /* Location.m in Sources */ = {isa = PBXBuildFile; fileRef = EA9311EF1B4AC58D00568529 /* Location.m */; };
/* End PBXBuildFile section */

/* Begin PBXContainerItemProxy section */
		EA9311DF1B4AC56800568529 /* PBXContainerItemProxy */ = {
			isa = PBXContainerItemProxy;
			containerPortal = EA9311BD1B4AC56800568529 /* Project object */;
			proxyType = 1;
			remoteGlobalIDString = EA9311C41B4AC56800568529;
			remoteInfo = LocationManager;
		};
/* End PBXContainerItemProxy section */

/* Begin PBXFileReference section */
		EA9311C51B4AC56800568529 /* LocationManager.app */ = {isa = PBXFileReference; explicitFileType = wrapper.application; includeInIndex = 0; path = LocationManager.app; sourceTree = BUILT_PRODUCTS_DIR; };
		EA9311C91B4AC56800568529 /* Info.plist */ = {isa = PBXFileReference; lastKnownFileType = text.plist.xml; path = Info.plist; sourceTree = "<group>"; };
		EA9311CA1B4AC56800568529 /* main.m */ = {isa = PBXFileReference; lastKnownFileType = sourcecode.c.objc; path = main.m; sourceTree = "<group>"; };
		EA9311CC1B4AC56800568529 /* AppDelegate.h */ = {isa = PBXFileReference; lastKnownFileType = sourcecode.c.h; path = AppDelegate.h; sourceTree = "<group>"; };
		EA9311CD1B4AC56800568529 /* AppDelegate.m */ = {isa = PBXFileReference; lastKnownFileType = sourcecode.c.objc; path = AppDelegate.m; sourceTree = "<group>"; };
		EA9311CF1B4AC56800568529 /* ViewController.h */ = {isa = PBXFileReference; lastKnownFileType = sourcecode.c.h; path = ViewController.h; sourceTree = "<group>"; };
		EA9311D01B4AC56800568529 /* ViewController.m */ = {isa = PBXFileReference; lastKnownFileType = sourcecode.c.objc; path = ViewController.m; sourceTree = "<group>"; };
		EA9311D31B4AC56800568529 /* Base */ = {isa = PBXFileReference; lastKnownFileType = file.storyboard; name = Base; path = Base.lproj/Main.storyboard; sourceTree = "<group>"; };
		EA9311D51B4AC56800568529 /* Images.xcassets */ = {isa = PBXFileReference; lastKnownFileType = folder.assetcatalog; path = Images.xcassets; sourceTree = "<group>"; };
		EA9311D81B4AC56800568529 /* Base */ = {isa = PBXFileReference; lastKnownFileType = file.xib; name = Base; path = Base.lproj/LaunchScreen.xib; sourceTree = "<group>"; };
		EA9311DE1B4AC56800568529 /* LocationManagerTests.xctest */ = {isa = PBXFileReference; explicitFileType = wrapper.cfbundle; includeInIndex = 0; path = LocationManagerTests.xctest; sourceTree = BUILT_PRODUCTS_DIR; };
		EA9311E31B4AC56800568529 /* Info.plist */ = {isa = PBXFileReference; lastKnownFileType = text.plist.xml; path = Info.plist; sourceTree = "<group>"; };
		EA9311E41B4AC56800568529 /* LocationManagerTests.m */ = {isa = PBXFileReference; lastKnownFileType = sourcecode.c.objc; path = LocationManagerTests.m; sourceTree = "<group>"; };
		EA9311EE1B4AC58D00568529 /* Location.h */ = {isa = PBXFileReference; fileEncoding = 4; lastKnownFileType = sourcecode.c.h; path = Location.h; sourceTree = "<group>"; };
		EA9311EF1B4AC58D00568529 /* Location.m */ = {isa = PBXFileReference; fileEncoding = 4; lastKnownFileType = sourcecode.c.objc; path = Location.m; sourceTree = "<group>"; };
/* End PBXFileReference section */

/* Begin PBXFrameworksBuildPhase section */
		EA9311C21B4AC56800568529 /* Frameworks */ = {
			isa = PBXFrameworksBuildPhase;
			buildActionMask = 2147483647;
			files = (
			);
			runOnlyForDeploymentPostprocessing = 0;
		};
		EA9311DB1B4AC56800568529 /* Frameworks */ = {
			isa = PBXFrameworksBuildPhase;
			buildActionMask = 2147483647;
			files = (
			);
			runOnlyForDeploymentPostprocessing = 0;
		};
/* End PBXFrameworksBuildPhase section */

/* Begin PBXGroup section */
		EA9311BC1B4AC56800568529 = {
			isa = PBXGroup;
			children = (
				EA9311C71B4AC56800568529 /* LocationManager */,
				EA9311E11B4AC56800568529 /* LocationManagerTests */,
				EA9311C61B4AC56800568529 /* Products */,
			);
			sourceTree = "<group>";
		};
		EA9311C61B4AC56800568529 /* Products */ = {
			isa = PBXGroup;
			children = (
				EA9311C51B4AC56800568529 /* LocationManager.app */,
				EA9311DE1B4AC56800568529 /* LocationManagerTests.xctest */,
			);
			name = Products;
			sourceTree = "<group>";
		};
		EA9311C71B4AC56800568529 /* LocationManager */ = {
			isa = PBXGroup;
			children = (
				EA9311CC1B4AC56800568529 /* AppDelegate.h */,
				EA9311CD1B4AC56800568529 /* AppDelegate.m */,
				EA9311EE1B4AC58D00568529 /* Location.h */,
				EA9311EF1B4AC58D00568529 /* Location.m */,
				EA9311CF1B4AC56800568529 /* ViewController.h */,
				EA9311D01B4AC56800568529 /* ViewController.m */,
				EA9311D21B4AC56800568529 /* Main.storyboard */,
				EA9311D51B4AC56800568529 /* Images.xcassets */,
				EA9311D71B4AC56800568529 /* LaunchScreen.xib */,
				EA9311C81B4AC56800568529 /* Supporting Files */,
			);
			path = LocationManager;
			sourceTree = "<group>";
		};
		EA9311C81B4AC56800568529 /* Supporting Files */ = {
			isa = PBXGroup;
			children = (
				EA9311C91B4AC56800568529 /* Info.plist */,
				EA9311CA1B4AC56800568529 /* main.m */,
			);
			name = "Supporting Files";
			sourceTree = "<group>";
		};
		EA9311E11B4AC56800568529 /* LocationManagerTests */ = {
			isa = PBXGroup;
			children = (
				EA9311E41B4AC56800568529 /* LocationManagerTests.m */,
				EA9311E21B4AC56800568529 /* Supporting Files */,
			);
			path = LocationManagerTests;
			sourceTree = "<group>";
		};
		EA9311E21B4AC56800568529 /* Supporting Files */ = {
			isa = PBXGroup;
			children = (
				EA9311E31B4AC56800568529 /* Info.plist */,
			);
			name = "Supporting Files";
			sourceTree = "<group>";
		};
/* End PBXGroup section */

/* Begin PBXNativeTarget section */
		EA9311C41B4AC56800568529 /* LocationManager */ = {
			isa = PBXNativeTarget;
			buildConfigurationList = EA9311E81B4AC56800568529 /* Build configuration list for PBXNativeTarget "LocationManager" */;
			buildPhases = (
				EA9311C11B4AC56800568529 /* Sources */,
				EA9311C21B4AC56800568529 /* Frameworks */,
				EA9311C31B4AC56800568529 /* Resources */,
			);
			buildRules = (
			);
			dependencies = (
			);
			name = LocationManager;
			productName = LocationManager;
			productReference = EA9311C51B4AC56800568529 /* LocationManager.app */;
			productType = "com.apple.product-type.application";
		};
		EA9311DD1B4AC56800568529 /* LocationManagerTests */ = {
			isa = PBXNativeTarget;
			buildConfigurationList = EA9311EB1B4AC56800568529 /* Build configuration list for PBXNativeTarget "LocationManagerTests" */;
			buildPhases = (
				EA9311DA1B4AC56800568529 /* Sources */,
				EA9311DB1B4AC56800568529 /* Frameworks */,
				EA9311DC1B4AC56800568529 /* Resources */,
			);
			buildRules = (
			);
			dependencies = (
				EA9311E01B4AC56800568529 /* PBXTargetDependency */,
			);
			name = LocationManagerTests;
			productName = LocationManagerTests;
			productReference = EA9311DE1B4AC56800568529 /* LocationManagerTests.xctest */;
			productType = "com.apple.product-type.bundle.unit-test";
		};
/* End PBXNativeTarget section */

/* Begin PBXProject section */
		EA9311BD1B4AC56800568529 /* Project object */ = {
			isa = PBXProject;
			attributes = {
				LastUpgradeCheck = 0630;
				ORGANIZATIONNAME = "Durgesh Gupta";
				TargetAttributes = {
					EA9311C41B4AC56800568529 = {
						CreatedOnToolsVersion = 6.3.2;
					};
					EA9311DD1B4AC56800568529 = {
						CreatedOnToolsVersion = 6.3.2;
						TestTargetID = EA9311C41B4AC56800568529;
					};
				};
			};
			buildConfigurationList = EA9311C01B4AC56800568529 /* Build configuration list for PBXProject "LocationManager" */;
			compatibilityVersion = "Xcode 3.2";
			developmentRegion = English;
			hasScannedForEncodings = 0;
			knownRegions = (
				en,
				Base,
			);
			mainGroup = EA9311BC1B4AC56800568529;
			productRefGroup = EA9311C61B4AC56800568529 /* Products */;
			projectDirPath = "";
			projectRoot = "";
			targets = (
				EA9311C41B4AC56800568529 /* LocationManager */,
				EA9311DD1B4AC56800568529 /* LocationManagerTests */,
			);
		};
/* End PBXProject section */

/* Begin PBXResourcesBuildPhase section */
		EA9311C31B4AC56800568529 /* Resources */ = {
			isa = PBXResourcesBuildPhase;
			buildActionMask = 2147483647;
			files = (
				EA9311D41B4AC56800568529 /* Main.storyboard in Resources */,
				EA9311D91B4AC56800568529 /* LaunchScreen.xib in Resources */,
				EA9311D61B4AC56800568529 /* Images.xcassets in Resources */,
			);
			runOnlyForDeploymentPostprocessing = 0;
		};
		EA9311DC1B4AC56800568529 /* Resources */ = {
			isa = PBXResourcesBuildPhase;
			buildActionMask = 2147483647;
			files = (
			);
			runOnlyForDeploymentPostprocessing = 0;
		};
/* End PBXResourcesBuildPhase section */

/* Begin PBXSourcesBuildPhase section */
		EA9311C11B4AC56800568529 /* Sources */ = {
			isa = PBXSourcesBuildPhase;
			buildActionMask = 2147483647;
			files = (
				EA9311D11B4AC56800568529 /* ViewController.m in Sources */,
				EA9311CE1B4AC56800568529 /* AppDelegate.m in Sources */,
				EA9311F01B4AC58D00568529 /* Location.m in Sources */,
				EA9311CB1B4AC56800568529 /* main.m in Sources */,
			);
			runOnlyForDeploymentPostprocessing = 0;
		};
		EA9311DA1B4AC56800568529 /* Sources */ = {
			isa = PBXSourcesBuildPhase;
			buildActionMask = 2147483647;
			files = (
				EA9311E51B4AC56800568529 /* LocationManagerTests.m in Sources */,
			);
			runOnlyForDeploymentPostprocessing = 0;
		};
/* End PBXSourcesBuildPhase section */

/* Begin PBXTargetDependency section */
		EA9311E01B4AC56800568529 /* PBXTargetDependency */ = {
			isa = PBXTargetDependency;
			target = EA9311C41B4AC56800568529 /* LocationManager */;
			targetProxy = EA9311DF1B4AC56800568529 /* PBXContainerItemProxy */;
		};
/* End PBXTargetDependency section */

/* Begin PBXVariantGroup section */
		EA9311D21B4AC56800568529 /* Main.storyboard */ = {
			isa = PBXVariantGroup;
			children = (
				EA9311D31B4AC56800568529 /* Base */,
			);
			name = Main.storyboard;
			sourceTree = "<group>";
		};
		EA9311D71B4AC56800568529 /* LaunchScreen.xib */ = {
			isa = PBXVariantGroup;
			children = (
				EA9311D81B4AC56800568529 /* Base */,
			);
			name = LaunchScreen.xib;
			sourceTree = "<group>";
		};
/* End PBXVariantGroup section */

/* Begin XCBuildConfiguration section */
		EA9311E61B4AC56800568529 /* Debug */ = {
			isa = XCBuildConfiguration;
			buildSettings = {
				ALWAYS_SEARCH_USER_PATHS = NO;
				CLANG_CXX_LANGUAGE_STANDARD = "gnu++0x";
				CLANG_CXX_LIBRARY = "libc++";
				CLANG_ENABLE_MODULES = YES;
				CLANG_ENABLE_OBJC_ARC = YES;
				CLANG_WARN_BOOL_CONVERSION = YES;
				CLANG_WARN_CONSTANT_CONVERSION = YES;
				CLANG_WARN_DIRECT_OBJC_ISA_USAGE = YES_ERROR;
				CLANG_WARN_EMPTY_BODY = YES;
				CLANG_WARN_ENUM_CONVERSION = YES;
				CLANG_WARN_INT_CONVERSION = YES;
				CLANG_WARN_OBJC_ROOT_CLASS = YES_ERROR;
				CLANG_WARN_UNREACHABLE_CODE = YES;
				CLANG_WARN__DUPLICATE_METHOD_MATCH = YES;
				"CODE_SIGN_IDENTITY[sdk=iphoneos*]" = "iPhone Developer";
				COPY_PHASE_STRIP = NO;
				DEBUG_INFORMATION_FORMAT = "dwarf-with-dsym";
				ENABLE_STRICT_OBJC_MSGSEND = YES;
				GCC_C_LANGUAGE_STANDARD = gnu99;
				GCC_DYNAMIC_NO_PIC = NO;
				GCC_NO_COMMON_BLOCKS = YES;
				GCC_OPTIMIZATION_LEVEL = 0;
				GCC_PREPROCESSOR_DEFINITIONS = (
					"DEBUG=1",
					"$(inherited)",
				);
				GCC_SYMBOLS_PRIVATE_EXTERN = NO;
				GCC_WARN_64_TO_32_BIT_CONVERSION = YES;
				GCC_WARN_ABOUT_RETURN_TYPE = YES_ERROR;
				GCC_WARN_UNDECLARED_SELECTOR = YES;
				GCC_WARN_UNINITIALIZED_AUTOS = YES_AGGRESSIVE;
				GCC_WARN_UNUSED_FUNCTION = YES;
				GCC_WARN_UNUSED_VARIABLE = YES;
				IPHONEOS_DEPLOYMENT_TARGET = 8.3;
				MTL_ENABLE_DEBUG_INFO = YES;
				ONLY_ACTIVE_ARCH = YES;
				SDKROOT = iphoneos;
				TARGETED_DEVICE_FAMILY = "1,2";
			};
			name = Debug;
		};
		EA9311E71B4AC56800568529 /* Release */ = {
			isa = XCBuildConfiguration;
			buildSettings = {
				ALWAYS_SEARCH_USER_PATHS = NO;
				CLANG_CXX_LANGUAGE_STANDARD = "gnu++0x";
				CLANG_CXX_LIBRARY = "libc++";
				CLANG_ENABLE_MODULES = YES;
				CLANG_ENABLE_OBJC_ARC = YES;
				CLANG_WARN_BOOL_CONVERSION = YES;
				CLANG_WARN_CONSTANT_CONVERSION = YES;
				CLANG_WARN_DIRECT_OBJC_ISA_USAGE = YES_ERROR;
				CLANG_WARN_EMPTY_BODY = YES;
				CLANG_WARN_ENUM_CONVERSION = YES;
				CLANG_WARN_INT_CONVERSION = YES;
				CLANG_WARN_OBJC_ROOT_CLASS = YES_ERROR;
				CLANG_WARN_UNREACHABLE_CODE = YES;
				CLANG_WARN__DUPLICATE_METHOD_MATCH = YES;
				"CODE_SIGN_IDENTITY[sdk=iphoneos*]" = "iPhone Developer";
				COPY_PHASE_STRIP = NO;
				DEBUG_INFORMATION_FORMAT = "dwarf-with-dsym";
				ENABLE_NS_ASSERTIONS = NO;
				ENABLE_STRICT_OBJC_MSGSEND = YES;
				GCC_C_LANGUAGE_STANDARD = gnu99;
				GCC_NO_COMMON_BLOCKS = YES;
				GCC_WARN_64_TO_32_BIT_CONVERSION = YES;
				GCC_WARN_ABOUT_RETURN_TYPE = YES_ERROR;
				GCC_WARN_UNDECLARED_SELECTOR = YES;
				GCC_WARN_UNINITIALIZED_AUTOS = YES_AGGRESSIVE;
				GCC_WARN_UNUSED_FUNCTION = YES;
				GCC_WARN_UNUSED_VARIABLE = YES;
				IPHONEOS_DEPLOYMENT_TARGET = 8.3;
				MTL_ENABLE_DEBUG_INFO = NO;
				SDKROOT = iphoneos;
				TARGETED_DEVICE_FAMILY = "1,2";
				VALIDATE_PRODUCT = YES;
			};
			name = Release;
		};
		EA9311E91B4AC56800568529 /* Debug */ = {
			isa = XCBuildConfiguration;
			buildSettings = {
				ASSETCATALOG_COMPILER_APPICON_NAME = AppIcon;
				INFOPLIST_FILE = LocationManager/Info.plist;
				LD_RUNPATH_SEARCH_PATHS = "$(inherited) @executable_path/Frameworks";
				PRODUCT_NAME = "$(TARGET_NAME)";
			};
			name = Debug;
		};
		EA9311EA1B4AC56800568529 /* Release */ = {
			isa = XCBuildConfiguration;
			buildSettings = {
				ASSETCATALOG_COMPILER_APPICON_NAME = AppIcon;
				INFOPLIST_FILE = LocationManager/Info.plist;
				LD_RUNPATH_SEARCH_PATHS = "$(inherited) @executable_path/Frameworks";
				PRODUCT_NAME = "$(TARGET_NAME)";
			};
			name = Release;
		};
		EA9311EC1B4AC56800568529 /* Debug */ = {
			isa = XCBuildConfiguration;
			buildSettings = {
				BUNDLE_LOADER = "$(TEST_HOST)";
				FRAMEWORK_SEARCH_PATHS = (
					"$(SDKROOT)/Developer/Library/Frameworks",
					"$(inherited)",
				);
				GCC_PREPROCESSOR_DEFINITIONS = (
					"DEBUG=1",
					"$(inherited)",
				);
				INFOPLIST_FILE = LocationManagerTests/Info.plist;
				LD_RUNPATH_SEARCH_PATHS = "$(inherited) @executable_path/Frameworks @loader_path/Frameworks";
				PRODUCT_NAME = "$(TARGET_NAME)";
				TEST_HOST = "$(BUILT_PRODUCTS_DIR)/LocationManager.app/LocationManager";
			};
			name = Debug;
		};
		EA9311ED1B4AC56800568529 /* Release */ = {
			isa = XCBuildConfiguration;
			buildSettings = {
				BUNDLE_LOADER = "$(TEST_HOST)";
				FRAMEWORK_SEARCH_PATHS = (
					"$(SDKROOT)/Developer/Library/Frameworks",
					"$(inherited)",
				);
				INFOPLIST_FILE = LocationManagerTests/Info.plist;
				LD_RUNPATH_SEARCH_PATHS = "$(inherited) @executable_path/Frameworks @loader_path/Frameworks";
				PRODUCT_NAME = "$(TARGET_NAME)";
				TEST_HOST = "$(BUILT_PRODUCTS_DIR)/LocationManager.app/LocationManager";
			};
			name = Release;
		};
/* End XCBuildConfiguration section */

/* Begin XCConfigurationList section */
		EA9311C01B4AC56800568529 /* Build configuration list for PBXProject "LocationManager" */ = {
			isa = XCConfigurationList;
			buildConfigurations = (
				EA9311E61B4AC56800568529 /* Debug */,
				EA9311E71B4AC56800568529 /* Release */,
			);
			defaultConfigurationIsVisible = 0;
			defaultConfigurationName = Release;
		};
		EA9311E81B4AC56800568529 /* Build configuration list for PBXNativeTarget "LocationManager" */ = {
			isa = XCConfigurationList;
			buildConfigurations = (
				EA9311E91B4AC56800568529 /* Debug */,
				EA9311EA1B4AC56800568529 /* Release */,
			);
			defaultConfigurationIsVisible = 0;
		};
		EA9311EB1B4AC56800568529 /* Build configuration list for PBXNativeTarget "LocationManagerTests" */ = {
			isa = XCConfigurationList;
			buildConfigurations = (
				EA9311EC1B4AC56800568529 /* Debug */,
				EA9311ED1B4AC56800568529 /* Release */,
			);
			defaultConfigurationIsVisible = 0;
		};
/* End XCConfigurationList section */
	};
	rootObject = EA9311BD1B4AC56800568529 /* Project object */;
}
